
Microsoft Visual Studio Solution File, Format Version 12.00
# Visual Studio Version 16
VisualStudioVersion = 16.0.30711.63
MinimumVisualStudioVersion = 10.0.40219.1
Project("{9A19103F-16F7-4668-BE54-9A1E7A4F7556}") = "ActionCommandGame.Model", "ActionCommandGame.Model\ActionCommandGame.Model.csproj", "{4FD7A06D-270C-4C72-B6F0-16B268EE54FB}"
EndProject
Project("{9A19103F-16F7-4668-BE54-9A1E7A4F7556}") = "ActionCommandGame.Ui.ConsoleApp", "ActionCommandGame.Ui.Console\ActionCommandGame.Ui.ConsoleApp.csproj", "{6D6F5E15-7B32-40CE-A833-9CB5BC4DF3E7}"
EndProject
Project("{9A19103F-16F7-4668-BE54-9A1E7A4F7556}") = "ActionCommandGame.Repository", "ActionCommandGame.Repository\ActionCommandGame.Repository.csproj", "{3DBDF25D-9A16-458A-A89E-571CE1BB527C}"
EndProject
Project("{9A19103F-16F7-4668-BE54-9A1E7A4F7556}") = "ActionCommandGame.Services", "ActionCommandGame.Services\ActionCommandGame.Services.csproj", "{1FEBB973-A346-409B-949F-E75F1680CBAB}"
EndProject
Project("{9A19103F-16F7-4668-BE54-9A1E7A4F7556}") = "ActionCommandGame.Tests", "ActionCommandGame.Tests\ActionCommandGame.Tests.csproj", "{3D3A6D42-048A-4F3F-9E02-CD68FC169296}"
EndProject
Project("{9A19103F-16F7-4668-BE54-9A1E7A4F7556}") = "ActionCommandGame.Services.Abstractions", "ActionCommandGame.Services.Abstractions\ActionCommandGame.Services.Abstractions.csproj", "{15422917-AFF0-4941-824E-2AFC0CF3078C}"
EndProject
Project("{9A19103F-16F7-4668-BE54-9A1E7A4F7556}") = "ActionCommandGame.Services.Model", "ActionCommandGame.Services.Model\ActionCommandGame.Services.Model.csproj", "{3FD55F80-8F73-4C21-8F5B-95077FE28D2C}"
EndProject
Project("{9A19103F-16F7-4668-BE54-9A1E7A4F7556}") = "ActionCommandGame.Settings", "ActionCommandGame.Settings\ActionCommandGame.Settings.csproj", "{AF0610A8-1F84-4E5C-B3CF-3AEF3B4C00C7}"
EndProject
Project("{FAE04EC0-301F-11D3-BF4B-00C04F79EFBC}") = "ActionCommandGame.UI.Mvc", "ActionCommandGame.UI.Mvc\ActionCommandGame.UI.Mvc.csproj", "{2DDBE25C-71BF-4A68-B395-1D8338DE1B3A}"
EndProject
Global
	GlobalSection(SolutionConfigurationPlatforms) = preSolution
		Debug|Any CPU = Debug|Any CPU
		Release|Any CPU = Release|Any CPU
	EndGlobalSection
	GlobalSection(ProjectConfigurationPlatforms) = postSolution
		{4FD7A06D-270C-4C72-B6F0-16B268EE54FB}.Debug|Any CPU.ActiveCfg = Debug|Any CPU
		{4FD7A06D-270C-4C72-B6F0-16B268EE54FB}.Debug|Any CPU.Build.0 = Debug|Any CPU
		{4FD7A06D-270C-4C72-B6F0-16B268EE54FB}.Release|Any CPU.ActiveCfg = Release|Any CPU
		{4FD7A06D-270C-4C72-B6F0-16B268EE54FB}.Release|Any CPU.Build.0 = Release|Any CPU
		{6D6F5E15-7B32-40CE-A833-9CB5BC4DF3E7}.Debug|Any CPU.ActiveCfg = Debug|Any CPU
		{6D6F5E15-7B32-40CE-A833-9CB5BC4DF3E7}.Debug|Any CPU.Build.0 = Debug|Any CPU
		{6D6F5E15-7B32-40CE-A833-9CB5BC4DF3E7}.Release|Any CPU.ActiveCfg = Release|Any CPU
		{6D6F5E15-7B32-40CE-A833-9CB5BC4DF3E7}.Release|Any CPU.Build.0 = Release|Any CPU
		{3DBDF25D-9A16-458A-A89E-571CE1BB527C}.Debug|Any CPU.ActiveCfg = Debug|Any CPU
		{3DBDF25D-9A16-458A-A89E-571CE1BB527C}.Debug|Any CPU.Build.0 = Debug|Any CPU
		{3DBDF25D-9A16-458A-A89E-571CE1BB527C}.Release|Any CPU.ActiveCfg = Release|Any CPU
		{3DBDF25D-9A16-458A-A89E-571CE1BB527C}.Release|Any CPU.Build.0 = Release|Any CPU
		{1FEBB973-A346-409B-949F-E75F1680CBAB}.Debug|Any CPU.ActiveCfg = Debug|Any CPU
		{1FEBB973-A346-409B-949F-E75F1680CBAB}.Debug|Any CPU.Build.0 = Debug|Any CPU
		{1FEBB973-A346-409B-949F-E75F1680CBAB}.Release|Any CPU.ActiveCfg = Release|Any CPU
		{1FEBB973-A346-409B-949F-E75F1680CBAB}.Release|Any CPU.Build.0 = Release|Any CPU
		{3D3A6D42-048A-4F3F-9E02-CD68FC169296}.Debug|Any CPU.ActiveCfg = Debug|Any CPU
		{3D3A6D42-048A-4F3F-9E02-CD68FC169296}.Debug|Any CPU.Build.0 = Debug|Any CPU
		{3D3A6D42-048A-4F3F-9E02-CD68FC169296}.Release|Any CPU.ActiveCfg = Release|Any CPU
		{3D3A6D42-048A-4F3F-9E02-CD68FC169296}.Release|Any CPU.Build.0 = Release|Any CPU
		{15422917-AFF0-4941-824E-2AFC0CF3078C}.Debug|Any CPU.ActiveCfg = Debug|Any CPU
		{15422917-AFF0-4941-824E-2AFC0CF3078C}.Debug|Any CPU.Build.0 = Debug|Any CPU
		{15422917-AFF0-4941-824E-2AFC0CF3078C}.Release|Any CPU.ActiveCfg = Release|Any CPU
		{15422917-AFF0-4941-824E-2AFC0CF3078C}.Release|Any CPU.Build.0 = Release|Any CPU
		{3FD55F80-8F73-4C21-8F5B-95077FE28D2C}.Debug|Any CPU.ActiveCfg = Debug|Any CPU
		{3FD55F80-8F73-4C21-8F5B-95077FE28D2C}.Debug|Any CPU.Build.0 = Debug|Any CPU
		{3FD55F80-8F73-4C21-8F5B-95077FE28D2C}.Release|Any CPU.ActiveCfg = Release|Any CPU
		{3FD55F80-8F73-4C21-8F5B-95077FE28D2C}.Release|Any CPU.Build.0 = Release|Any CPU
		{AF0610A8-1F84-4E5C-B3CF-3AEF3B4C00C7}.Debug|Any CPU.ActiveCfg = Debug|Any CPU
		{AF0610A8-1F84-4E5C-B3CF-3AEF3B4C00C7}.Debug|Any CPU.Build.0 = Debug|Any CPU
		{AF0610A8-1F84-4E5C-B3CF-3AEF3B4C00C7}.Release|Any CPU.ActiveCfg = Release|Any CPU
		{AF0610A8-1F84-4E5C-B3CF-3AEF3B4C00C7}.Release|Any CPU.Build.0 = Release|Any CPU
		{2DDBE25C-71BF-4A68-B395-1D8338DE1B3A}.Debug|Any CPU.ActiveCfg = Debug|Any CPU
		{2DDBE25C-71BF-4A68-B395-1D8338DE1B3A}.Debug|Any CPU.Build.0 = Debug|Any CPU
		{2DDBE25C-71BF-4A68-B395-1D8338DE1B3A}.Release|Any CPU.ActiveCfg = Release|Any CPU
		{2DDBE25C-71BF-4A68-B395-1D8338DE1B3A}.Release|Any CPU.Build.0 = Release|Any CPU
	EndGlobalSection
	GlobalSection(SolutionProperties) = preSolution
		HideSolutionNode = FALSE
	EndGlobalSection
	GlobalSection(ExtensibilityGlobals) = postSolution
		SolutionGuid = {AF43B065-5545-4453-A97F-781AE33CE7DC}
	EndGlobalSection
EndGlobal
